
Microsoft Visual Studio Solution File, Format Version 12.00
# Visual Studio Version 17
VisualStudioVersion = 17.14.36414.22
MinimumVisualStudioVersion = 10.0.40219.1
Project("{FAE04EC0-301F-11D3-BF4B-00C04F79EFBC}") = "ECommerce.Domain", "ECommerce.Domain\ECommerce.Domain.csproj", "{1BA72EC1-A86C-49F6-A441-E1DCBAC1AFF2}"
EndProject
Project("{FAE04EC0-301F-11D3-BF4B-00C04F79EFBC}") = "ECommerce.Infrastructure", "ECommerce.Infrastructure\ECommerce.Infrastructure.csproj", "{655668BB-8653-4DAD-AE44-EC767E54F3F1}"
EndProject
Project("{2150E333-8FDC-42A3-9474-1A3956D46DE8}") = "docs", "docs", "{02EA681E-C7D8-13C7-8484-4AC65E1B71E8}"
	ProjectSection(SolutionItems) = preProject
		UserStories.md = UserStories.md
	EndProjectSection
EndProject
Project("{FAE04EC0-301F-11D3-BF4B-00C04F79EFBC}") = "ECommerce.API.Admin", "ECommerce.API.Admin\ECommerce.API.Admin.csproj", "{3AC365BD-EB68-4FB6-AADF-FCE09093C5B6}"
EndProject
Project("{FAE04EC0-301F-11D3-BF4B-00C04F79EFBC}") = "ECommerce.Application", "ECommerce.Application\ECommerce.Application.csproj", "{7090783C-FB08-4F09-80FD-67D08216FA6D}"
EndProject
Project("{FAE04EC0-301F-11D3-BF4B-00C04F79EFBC}") = "ECommerce.Infrastructure.DependencyInjection", "ECommerce.Infrastructure.DependencyInjection\ECommerce.Infrastructure.DependencyInjection.csproj", "{0F298EB9-036F-42A1-A358-040867BEF3B1}"
EndProject
Global
	GlobalSection(SolutionConfigurationPlatforms) = preSolution
		Debug|Any CPU = Debug|Any CPU
		Release|Any CPU = Release|Any CPU
	EndGlobalSection
	GlobalSection(ProjectConfigurationPlatforms) = postSolution
		{1BA72EC1-A86C-49F6-A441-E1DCBAC1AFF2}.Debug|Any CPU.ActiveCfg = Debug|Any CPU
		{1BA72EC1-A86C-49F6-A441-E1DCBAC1AFF2}.Debug|Any CPU.Build.0 = Debug|Any CPU
		{1BA72EC1-A86C-49F6-A441-E1DCBAC1AFF2}.Release|Any CPU.ActiveCfg = Release|Any CPU
		{1BA72EC1-A86C-49F6-A441-E1DCBAC1AFF2}.Release|Any CPU.Build.0 = Release|Any CPU
		{655668BB-8653-4DAD-AE44-EC767E54F3F1}.Debug|Any CPU.ActiveCfg = Debug|Any CPU
		{655668BB-8653-4DAD-AE44-EC767E54F3F1}.Debug|Any CPU.Build.0 = Debug|Any CPU
		{655668BB-8653-4DAD-AE44-EC767E54F3F1}.Release|Any CPU.ActiveCfg = Release|Any CPU
		{655668BB-8653-4DAD-AE44-EC767E54F3F1}.Release|Any CPU.Build.0 = Release|Any CPU
		{3AC365BD-EB68-4FB6-AADF-FCE09093C5B6}.Debug|Any CPU.ActiveCfg = Debug|Any CPU
		{3AC365BD-EB68-4FB6-AADF-FCE09093C5B6}.Debug|Any CPU.Build.0 = Debug|Any CPU
		{3AC365BD-EB68-4FB6-AADF-FCE09093C5B6}.Release|Any CPU.ActiveCfg = Release|Any CPU
		{3AC365BD-EB68-4FB6-AADF-FCE09093C5B6}.Release|Any CPU.Build.0 = Release|Any CPU
		{7090783C-FB08-4F09-80FD-67D08216FA6D}.Debug|Any CPU.ActiveCfg = Debug|Any CPU
		{7090783C-FB08-4F09-80FD-67D08216FA6D}.Debug|Any CPU.Build.0 = Debug|Any CPU
		{7090783C-FB08-4F09-80FD-67D08216FA6D}.Release|Any CPU.ActiveCfg = Release|Any CPU
		{7090783C-FB08-4F09-80FD-67D08216FA6D}.Release|Any CPU.Build.0 = Release|Any CPU
		{0F298EB9-036F-42A1-A358-040867BEF3B1}.Debug|Any CPU.ActiveCfg = Debug|Any CPU
		{0F298EB9-036F-42A1-A358-040867BEF3B1}.Debug|Any CPU.Build.0 = Debug|Any CPU
		{0F298EB9-036F-42A1-A358-040867BEF3B1}.Release|Any CPU.ActiveCfg = Release|Any CPU
		{0F298EB9-036F-42A1-A358-040867BEF3B1}.Release|Any CPU.Build.0 = Release|Any CPU
	EndGlobalSection
	GlobalSection(SolutionProperties) = preSolution
		HideSolutionNode = FALSE
	EndGlobalSection
	GlobalSection(ExtensibilityGlobals) = postSolution
		SolutionGuid = {2EBCC221-E0F7-4C04-8676-F792C22E642A}
	EndGlobalSection
EndGlobal
